
Microsoft Visual Studio Solution File, Format Version 12.00
# Visual Studio Version 17
VisualStudioVersion = 17.13.35931.197 d17.13
MinimumVisualStudioVersion = 10.0.40219.1
Project("{FAE04EC0-301F-11D3-BF4B-00C04F79EFBC}") = "VigenerCipher", "VigenerCipher\VigenerCipher.csproj", "{2761CBD2-0C31-4785-86C3-905A1AF9E9CF}"
EndProject
Global
	GlobalSection(SolutionConfigurationPlatforms) = preSolution
		Debug|Any CPU = Debug|Any CPU
		Release|Any CPU = Release|Any CPU
	EndGlobalSection
	GlobalSection(ProjectConfigurationPlatforms) = postSolution
		{2761CBD2-0C31-4785-86C3-905A1AF9E9CF}.Debug|Any CPU.ActiveCfg = Debug|Any CPU
		{2761CBD2-0C31-4785-86C3-905A1AF9E9CF}.Debug|Any CPU.Build.0 = Debug|Any CPU
		{2761CBD2-0C31-4785-86C3-905A1AF9E9CF}.Release|Any CPU.ActiveCfg = Release|Any CPU
		{2761CBD2-0C31-4785-86C3-905A1AF9E9CF}.Release|Any CPU.Build.0 = Release|Any CPU
	EndGlobalSection
	GlobalSection(SolutionProperties) = preSolution
		HideSolutionNode = FALSE
	EndGlobalSection
	GlobalSection(ExtensibilityGlobals) = postSolution
		SolutionGuid = {D0AF7BB7-8C5D-413A-AC70-7DDD32B29EA5}
	EndGlobalSection
EndGlobal
